
Microsoft Visual Studio Solution File, Format Version 12.00
# Visual Studio 15
Project("{FAE04EC0-301F-11D3-BF4B-00C04F79EFBC}") = "Unity.Timeline", "Unity.Timeline.csproj", "{153FA60F-1F4A-16A0-FDFC-AAC1CBE25FEE}"
EndProject
Project("{FAE04EC0-301F-11D3-BF4B-00C04F79EFBC}") = "Unity.XR.Management", "Unity.XR.Management.csproj", "{BA5D9FE9-1214-9AD3-24A5-0638A01C4CEE}"
EndProject
Project("{FAE04EC0-301F-11D3-BF4B-00C04F79EFBC}") = "Assembly-CSharp", "Assembly-CSharp.csproj", "{EBA03BAB-4AAC-80B0-17E3-27AF96AA8622}"
EndProject
Project("{FAE04EC0-301F-11D3-BF4B-00C04F79EFBC}") = "Unity.VisualScripting.Flow", "Unity.VisualScripting.Flow.csproj", "{C3E6BDDA-A67E-FE77-C662-76237D0837B0}"
EndProject
Project("{FAE04EC0-301F-11D3-BF4B-00C04F79EFBC}") = "Unity.XR.CoreUtils.Editor", "Unity.XR.CoreUtils.Editor.csproj", "{93B823EE-2ACE-B68B-8085-DACB2EDCA6BA}"
EndProject
Project("{FAE04EC0-301F-11D3-BF4B-00C04F79EFBC}") = "Unity.Timeline.Editor", "Unity.Timeline.Editor.csproj", "{839AA09D-576A-0C61-6340-371B979E9FA7}"
EndProject
Project("{FAE04EC0-301F-11D3-BF4B-00C04F79EFBC}") = "Unity.PlasticSCM.Editor", "Unity.PlasticSCM.Editor.csproj", "{86AF27A6-E74D-E78E-BAFF-40E581659E24}"
EndProject
Project("{FAE04EC0-301F-11D3-BF4B-00C04F79EFBC}") = "Unity.Mathematics", "Unity.Mathematics.csproj", "{4AECAEF1-75A7-A65F-B17B-4D0D6F8FB5E7}"
EndProject
Project("{FAE04EC0-301F-11D3-BF4B-00C04F79EFBC}") = "Unity.VisualScripting.Core.Editor", "Unity.VisualScripting.Core.Editor.csproj", "{6735C6F1-EBAC-30CF-DED8-2C3FA925EC8C}"
EndProject
Project("{FAE04EC0-301F-11D3-BF4B-00C04F79EFBC}") = "UnityEditor.TestRunner", "UnityEditor.TestRunner.csproj", "{40A6EF4D-1F55-5870-B32D-AC6D2AF9E86A}"
EndProject
Project("{FAE04EC0-301F-11D3-BF4B-00C04F79EFBC}") = "Unity.XR.CoreUtils", "Unity.XR.CoreUtils.csproj", "{6A918BAE-FA72-BF87-B1C4-790B6F0403B6}"
EndProject
Project("{FAE04EC0-301F-11D3-BF4B-00C04F79EFBC}") = "Unity.InputSystem", "Unity.InputSystem.csproj", "{3BC066CB-05E9-6EC8-5420-A9E52AC2AED9}"
EndProject
Project("{FAE04EC0-301F-11D3-BF4B-00C04F79EFBC}") = "Unity.TextMeshPro.Editor", "Unity.TextMeshPro.Editor.csproj", "{7791F04A-AB8E-EB08-B707-E22613759D7E}"
EndProject
Project("{FAE04EC0-301F-11D3-BF4B-00C04F79EFBC}") = "Unity.VisualScripting.Flow.Editor", "Unity.VisualScripting.Flow.Editor.csproj", "{1C2C667E-E62E-BE2F-7D40-937620603F0B}"
EndProject
Project("{FAE04EC0-301F-11D3-BF4B-00C04F79EFBC}") = "UnityEngine.TestRunner", "UnityEngine.TestRunner.csproj", "{C2BB345C-1E95-7F64-6CB6-141BC8BCBFF9}"
EndProject
Project("{FAE04EC0-301F-11D3-BF4B-00C04F79EFBC}") = "Unity.VisualScripting.Core", "Unity.VisualScripting.Core.csproj", "{EC7BA1DD-9CCE-213C-7011-BA9E329A8CB5}"
EndProject
Project("{FAE04EC0-301F-11D3-BF4B-00C04F79EFBC}") = "Unity.Searcher.Editor", "Unity.Searcher.Editor.csproj", "{986534FA-4441-024B-E324-4085B99E893A}"
EndProject
Project("{FAE04EC0-301F-11D3-BF4B-00C04F79EFBC}") = "Unity.Burst", "Unity.Burst.csproj", "{5B2E3AD3-34FB-418F-79A3-3FA275EA7631}"
EndProject
Project("{FAE04EC0-301F-11D3-BF4B-00C04F79EFBC}") = "Unity.AI.Navigation.Editor", "Unity.AI.Navigation.Editor.csproj", "{343CBBDD-BEC9-FD61-E492-0A914B1913AF}"
EndProject
Project("{FAE04EC0-301F-11D3-BF4B-00C04F79EFBC}") = "NaughtyAttributes.Core", "NaughtyAttributes.Core.csproj", "{1A71C93E-373E-04E9-D23A-7A51C0CF54FE}"
EndProject
Project("{FAE04EC0-301F-11D3-BF4B-00C04F79EFBC}") = "Unity.Animation.Rigging", "Unity.Animation.Rigging.csproj", "{10890093-F68C-76BF-25C1-96DE45A6878A}"
EndProject
Project("{FAE04EC0-301F-11D3-BF4B-00C04F79EFBC}") = "Unity.VisualStudio.Editor", "Unity.VisualStudio.Editor.csproj", "{73C46CD6-9199-5F16-A1DA-99041C6DD567}"
EndProject
Project("{FAE04EC0-301F-11D3-BF4B-00C04F79EFBC}") = "Unity.Animation.Rigging.Editor", "Unity.Animation.Rigging.Editor.csproj", "{60B46B0E-BCA2-EE00-4D59-B2856FB6E388}"
EndProject
Project("{FAE04EC0-301F-11D3-BF4B-00C04F79EFBC}") = "Unity.XR.OpenXR", "Unity.XR.OpenXR.csproj", "{C16AB966-59A3-79A6-23BD-0B4D8EBD0325}"
EndProject
Project("{FAE04EC0-301F-11D3-BF4B-00C04F79EFBC}") = "Unity.TestTools.CodeCoverage.Editor.OpenCover.Model", "Unity.TestTools.CodeCoverage.Editor.OpenCover.Model.csproj", "{FDC5ECFC-28A2-BDDB-18EA-0E00F2AB7DAE}"
EndProject
Project("{FAE04EC0-301F-11D3-BF4B-00C04F79EFBC}") = "Unity.Rider.Editor", "Unity.Rider.Editor.csproj", "{2027DD9B-67FE-E5FB-E06A-82E20CD1FEEE}"
EndProject
Project("{FAE04EC0-301F-11D3-BF4B-00C04F79EFBC}") = "NaughtyAttributes.Editor", "NaughtyAttributes.Editor.csproj", "{63EDAA31-E3C1-50B9-AACA-BCFE84A6D640}"
EndProject
Project("{FAE04EC0-301F-11D3-BF4B-00C04F79EFBC}") = "Unity.AI.Navigation.Editor.ConversionSystem", "Unity.AI.Navigation.Editor.ConversionSystem.csproj", "{65CD5334-D32E-8938-C426-5965B2C75E8A}"
EndProject
Project("{FAE04EC0-301F-11D3-BF4B-00C04F79EFBC}") = "Unity.VisualScripting.State.Editor", "Unity.VisualScripting.State.Editor.csproj", "{E058EE9F-28F3-3ECA-6CB6-A716DC8DA01F}"
EndProject
Project("{FAE04EC0-301F-11D3-BF4B-00C04F79EFBC}") = "Unity.XR.OpenXR.Editor", "Unity.XR.OpenXR.Editor.csproj", "{3832F437-A0CF-19C1-E8FC-435F57D5F9CA}"
EndProject
Project("{FAE04EC0-301F-11D3-BF4B-00C04F79EFBC}") = "Unity.TestTools.CodeCoverage.Editor", "Unity.TestTools.CodeCoverage.Editor.csproj", "{57ED7859-05EC-4D6C-601E-5CF99D9C5C3F}"
EndProject
Project("{FAE04EC0-301F-11D3-BF4B-00C04F79EFBC}") = "Unity.Burst.CodeGen", "Unity.Burst.CodeGen.csproj", "{AFCC36A7-B432-64BD-7255-D957E9DEA235}"
EndProject
Project("{FAE04EC0-301F-11D3-BF4B-00C04F79EFBC}") = "Unity.AI.Navigation", "Unity.AI.Navigation.csproj", "{38BCC8DD-816C-8221-CFDB-88B17E2837AF}"
EndProject
Project("{FAE04EC0-301F-11D3-BF4B-00C04F79EFBC}") = "Unity.VisualScripting.State", "Unity.VisualScripting.State.csproj", "{C59ED0FD-057B-1CA3-6DCA-84819D2DFB0E}"
EndProject
Project("{FAE04EC0-301F-11D3-BF4B-00C04F79EFBC}") = "Unity.TextMeshPro", "Unity.TextMeshPro.csproj", "{E4027C12-F9EC-81EC-24A9-3E556C7E3A77}"
EndProject
Project("{FAE04EC0-301F-11D3-BF4B-00C04F79EFBC}") = "Unity.XR.Management.Editor", "Unity.XR.Management.Editor.csproj", "{FDDCAD5D-3129-F71F-818E-E08D4CB0DA8E}"
EndProject
Project("{FAE04EC0-301F-11D3-BF4B-00C04F79EFBC}") = "Unity.Performance.Profile-Analyzer.Editor", "Unity.Performance.Profile-Analyzer.Editor.csproj", "{C7075DDE-7AC9-9EA1-5744-6BE04F78BC19}"
EndProject
Project("{FAE04EC0-301F-11D3-BF4B-00C04F79EFBC}") = "Unity.VisualScripting.SettingsProvider.Editor", "Unity.VisualScripting.SettingsProvider.Editor.csproj", "{5487D4B1-CA7D-89EA-EF7D-58D7D4387351}"
EndProject
Project("{FAE04EC0-301F-11D3-BF4B-00C04F79EFBC}") = "Unity.VSCode.Editor", "Unity.VSCode.Editor.csproj", "{6CFDF5F9-BDB3-0969-CF32-01B00C2993F0}"
EndProject
Project("{FAE04EC0-301F-11D3-BF4B-00C04F79EFBC}") = "Unity.Burst.Editor", "Unity.Burst.Editor.csproj", "{D5B615F2-F538-09BB-9BC3-9C2835AD03DF}"
EndProject
Project("{FAE04EC0-301F-11D3-BF4B-00C04F79EFBC}") = "Unity.TestTools.CodeCoverage.Editor.OpenCover.Mono.Reflection", "Unity.TestTools.CodeCoverage.Editor.OpenCover.Mono.Reflection.csproj", "{C3C07BD6-1444-D417-DAD9-1D707C3F41CB}"
EndProject
Project("{FAE04EC0-301F-11D3-BF4B-00C04F79EFBC}") = "Unity.AI.Navigation.Updater", "Unity.AI.Navigation.Updater.csproj", "{D1738CDA-1B20-25C1-9DDB-C9205F35D2EC}"
EndProject
Project("{FAE04EC0-301F-11D3-BF4B-00C04F79EFBC}") = "Unity.Settings.Editor", "Unity.Settings.Editor.csproj", "{6D14BBAE-0DCC-C99F-6BA4-FCA8A6094C5A}"
EndProject
Project("{FAE04EC0-301F-11D3-BF4B-00C04F79EFBC}") = "Assembly-CSharp-Editor", "Assembly-CSharp-Editor.csproj", "{1C09238E-0E01-0B06-C249-B169CC201E71}"
EndProject
Project("{FAE04EC0-301F-11D3-BF4B-00C04F79EFBC}") = "UnityEngine.SpatialTracking", "UnityEngine.SpatialTracking.csproj", "{5656D7B7-8F63-6C0E-6C9A-2E7AF25154E4}"
EndProject
Project("{FAE04EC0-301F-11D3-BF4B-00C04F79EFBC}") = "Unity.InputSystem.ForUI", "Unity.InputSystem.ForUI.csproj", "{B212A79A-5AC0-D9AC-7F7B-3005AA234C8E}"
EndProject
Project("{FAE04EC0-301F-11D3-BF4B-00C04F79EFBC}") = "Unity.Mathematics.Editor", "Unity.Mathematics.Editor.csproj", "{28DB263F-C6E0-2614-6C90-9C75BB72348C}"
EndProject
Project("{FAE04EC0-301F-11D3-BF4B-00C04F79EFBC}") = "UnityEditor.SpatialTracking", "UnityEditor.SpatialTracking.csproj", "{672EEA37-F118-D05E-823A-072EB34739A1}"
EndProject
Project("{FAE04EC0-301F-11D3-BF4B-00C04F79EFBC}") = "Unity.XR.OpenXR.Features.MetaQuestSupport.Editor", "Unity.XR.OpenXR.Features.MetaQuestSupport.Editor.csproj", "{3857AE2A-C60C-15B3-46AA-C1E048446C2D}"
EndProject
Project("{FAE04EC0-301F-11D3-BF4B-00C04F79EFBC}") = "Unity.InputSystem.TestFramework", "Unity.InputSystem.TestFramework.csproj", "{F32C5922-6A3E-AB20-6659-0A34CA1D48A6}"
EndProject
Project("{FAE04EC0-301F-11D3-BF4B-00C04F79EFBC}") = "Unity.XR.OpenXR.Features.RuntimeDebugger.Editor", "Unity.XR.OpenXR.Features.RuntimeDebugger.Editor.csproj", "{E5A04CAA-3154-0F4B-B5C5-720A1E8E22FB}"
EndProject
Project("{FAE04EC0-301F-11D3-BF4B-00C04F79EFBC}") = "UnityEditor.XR.LegacyInputHelpers", "UnityEditor.XR.LegacyInputHelpers.csproj", "{53347225-1611-F897-03F0-166CD8624C09}"
EndProject
Project("{FAE04EC0-301F-11D3-BF4B-00C04F79EFBC}") = "Unity.VisualScripting.Shared.Editor", "Unity.VisualScripting.Shared.Editor.csproj", "{DB293D94-F661-0E7B-6147-786422CD7C76}"
EndProject
Project("{FAE04EC0-301F-11D3-BF4B-00C04F79EFBC}") = "Unity.XR.OpenXR.Features.OculusQuestSupport.Editor", "Unity.XR.OpenXR.Features.OculusQuestSupport.Editor.csproj", "{7103B8D9-9436-1761-76CF-71453600D13E}"
EndProject
Project("{FAE04EC0-301F-11D3-BF4B-00C04F79EFBC}") = "Unity.EditorCoroutines.Editor", "Unity.EditorCoroutines.Editor.csproj", "{2174F8CA-BB40-2F8B-8210-65770A3011CA}"
EndProject
Project("{FAE04EC0-301F-11D3-BF4B-00C04F79EFBC}") = "Unity.XR.OpenXR.Features.ConformanceAutomation", "Unity.XR.OpenXR.Features.ConformanceAutomation.csproj", "{EFD9C49E-76FD-0409-D403-8E4FFD6D9F23}"
EndProject
Project("{FAE04EC0-301F-11D3-BF4B-00C04F79EFBC}") = "Unity.Animation.Rigging.DocCodeExamples", "Unity.Animation.Rigging.DocCodeExamples.csproj", "{792DF184-104A-4E8E-2605-2871EBB3B15D}"
EndProject
Project("{FAE04EC0-301F-11D3-BF4B-00C04F79EFBC}") = "UnityEngine.XR.LegacyInputHelpers", "UnityEngine.XR.LegacyInputHelpers.csproj", "{6FA68663-F3C9-0554-AEEB-419D25AC6BB6}"
EndProject
Project("{FAE04EC0-301F-11D3-BF4B-00C04F79EFBC}") = "Unity.XR.OpenXR.Features.OculusQuestSupport", "Unity.XR.OpenXR.Features.OculusQuestSupport.csproj", "{99B09ED7-0514-3EC6-9954-1A2695458E94}"
EndProject
Project("{FAE04EC0-301F-11D3-BF4B-00C04F79EFBC}") = "Unity.XR.OpenXR.Features.MockRuntime", "Unity.XR.OpenXR.Features.MockRuntime.csproj", "{B8A1109E-E516-7D50-7625-47375AC96263}"
EndProject
Project("{FAE04EC0-301F-11D3-BF4B-00C04F79EFBC}") = "Unity.XR.OpenXR.Features.RuntimeDebugger", "Unity.XR.OpenXR.Features.RuntimeDebugger.csproj", "{CF163BE8-200F-757B-D581-B75EB4E6DE74}"
EndProject
Project("{FAE04EC0-301F-11D3-BF4B-00C04F79EFBC}") = "Unity.XR.OpenXR.Features.MetaQuestSupport", "Unity.XR.OpenXR.Features.MetaQuestSupport.csproj", "{EC0361C9-41F4-076D-3EFF-1FF03FACB8A7}"
EndProject
Project("{FAE04EC0-301F-11D3-BF4B-00C04F79EFBC}") = "Unity.CollabProxy.Editor", "Unity.CollabProxy.Editor.csproj", "{7A3F229E-E425-CDC3-7188-14F4380F8E49}"
EndProject
Global
	GlobalSection(SolutionConfigurationPlatforms) = preSolution
		Debug|Any CPU = Debug|Any CPU
		Release|Any CPU = Release|Any CPU
	EndGlobalSection
	GlobalSection(ProjectConfigurationPlatforms) = postSolution
		{153FA60F-1F4A-16A0-FDFC-AAC1CBE25FEE}.Debug|Any CPU.ActiveCfg = Debug|Any CPU
		{153FA60F-1F4A-16A0-FDFC-AAC1CBE25FEE}.Debug|Any CPU.Build.0 = Debug|Any CPU
		{153FA60F-1F4A-16A0-FDFC-AAC1CBE25FEE}.Release|Any CPU.ActiveCfg = Release|Any CPU
		{153FA60F-1F4A-16A0-FDFC-AAC1CBE25FEE}.Release|Any CPU.Build.0 = Release|Any CPU
		{BA5D9FE9-1214-9AD3-24A5-0638A01C4CEE}.Debug|Any CPU.ActiveCfg = Debug|Any CPU
		{BA5D9FE9-1214-9AD3-24A5-0638A01C4CEE}.Debug|Any CPU.Build.0 = Debug|Any CPU
		{BA5D9FE9-1214-9AD3-24A5-0638A01C4CEE}.Release|Any CPU.ActiveCfg = Release|Any CPU
		{BA5D9FE9-1214-9AD3-24A5-0638A01C4CEE}.Release|Any CPU.Build.0 = Release|Any CPU
		{EBA03BAB-4AAC-80B0-17E3-27AF96AA8622}.Debug|Any CPU.ActiveCfg = Debug|Any CPU
		{EBA03BAB-4AAC-80B0-17E3-27AF96AA8622}.Debug|Any CPU.Build.0 = Debug|Any CPU
		{EBA03BAB-4AAC-80B0-17E3-27AF96AA8622}.Release|Any CPU.ActiveCfg = Release|Any CPU
		{EBA03BAB-4AAC-80B0-17E3-27AF96AA8622}.Release|Any CPU.Build.0 = Release|Any CPU
		{C3E6BDDA-A67E-FE77-C662-76237D0837B0}.Debug|Any CPU.ActiveCfg = Debug|Any CPU
		{C3E6BDDA-A67E-FE77-C662-76237D0837B0}.Debug|Any CPU.Build.0 = Debug|Any CPU
		{C3E6BDDA-A67E-FE77-C662-76237D0837B0}.Release|Any CPU.ActiveCfg = Release|Any CPU
		{C3E6BDDA-A67E-FE77-C662-76237D0837B0}.Release|Any CPU.Build.0 = Release|Any CPU
		{93B823EE-2ACE-B68B-8085-DACB2EDCA6BA}.Debug|Any CPU.ActiveCfg = Debug|Any CPU
		{93B823EE-2ACE-B68B-8085-DACB2EDCA6BA}.Debug|Any CPU.Build.0 = Debug|Any CPU
		{93B823EE-2ACE-B68B-8085-DACB2EDCA6BA}.Release|Any CPU.ActiveCfg = Release|Any CPU
		{93B823EE-2ACE-B68B-8085-DACB2EDCA6BA}.Release|Any CPU.Build.0 = Release|Any CPU
		{839AA09D-576A-0C61-6340-371B979E9FA7}.Debug|Any CPU.ActiveCfg = Debug|Any CPU
		{839AA09D-576A-0C61-6340-371B979E9FA7}.Debug|Any CPU.Build.0 = Debug|Any CPU
		{839AA09D-576A-0C61-6340-371B979E9FA7}.Release|Any CPU.ActiveCfg = Release|Any CPU
		{839AA09D-576A-0C61-6340-371B979E9FA7}.Release|Any CPU.Build.0 = Release|Any CPU
		{86AF27A6-E74D-E78E-BAFF-40E581659E24}.Debug|Any CPU.ActiveCfg = Debug|Any CPU
		{86AF27A6-E74D-E78E-BAFF-40E581659E24}.Debug|Any CPU.Build.0 = Debug|Any CPU
		{86AF27A6-E74D-E78E-BAFF-40E581659E24}.Release|Any CPU.ActiveCfg = Release|Any CPU
		{86AF27A6-E74D-E78E-BAFF-40E581659E24}.Release|Any CPU.Build.0 = Release|Any CPU
		{4AECAEF1-75A7-A65F-B17B-4D0D6F8FB5E7}.Debug|Any CPU.ActiveCfg = Debug|Any CPU
		{4AECAEF1-75A7-A65F-B17B-4D0D6F8FB5E7}.Debug|Any CPU.Build.0 = Debug|Any CPU
		{4AECAEF1-75A7-A65F-B17B-4D0D6F8FB5E7}.Release|Any CPU.ActiveCfg = Release|Any CPU
		{4AECAEF1-75A7-A65F-B17B-4D0D6F8FB5E7}.Release|Any CPU.Build.0 = Release|Any CPU
		{6735C6F1-EBAC-30CF-DED8-2C3FA925EC8C}.Debug|Any CPU.ActiveCfg = Debug|Any CPU
		{6735C6F1-EBAC-30CF-DED8-2C3FA925EC8C}.Debug|Any CPU.Build.0 = Debug|Any CPU
		{6735C6F1-EBAC-30CF-DED8-2C3FA925EC8C}.Release|Any CPU.ActiveCfg = Release|Any CPU
		{6735C6F1-EBAC-30CF-DED8-2C3FA925EC8C}.Release|Any CPU.Build.0 = Release|Any CPU
		{40A6EF4D-1F55-5870-B32D-AC6D2AF9E86A}.Debug|Any CPU.ActiveCfg = Debug|Any CPU
		{40A6EF4D-1F55-5870-B32D-AC6D2AF9E86A}.Debug|Any CPU.Build.0 = Debug|Any CPU
		{40A6EF4D-1F55-5870-B32D-AC6D2AF9E86A}.Release|Any CPU.ActiveCfg = Release|Any CPU
		{40A6EF4D-1F55-5870-B32D-AC6D2AF9E86A}.Release|Any CPU.Build.0 = Release|Any CPU
		{6A918BAE-FA72-BF87-B1C4-790B6F0403B6}.Debug|Any CPU.ActiveCfg = Debug|Any CPU
		{6A918BAE-FA72-BF87-B1C4-790B6F0403B6}.Debug|Any CPU.Build.0 = Debug|Any CPU
		{6A918BAE-FA72-BF87-B1C4-790B6F0403B6}.Release|Any CPU.ActiveCfg = Release|Any CPU
		{6A918BAE-FA72-BF87-B1C4-790B6F0403B6}.Release|Any CPU.Build.0 = Release|Any CPU
		{3BC066CB-05E9-6EC8-5420-A9E52AC2AED9}.Debug|Any CPU.ActiveCfg = Debug|Any CPU
		{3BC066CB-05E9-6EC8-5420-A9E52AC2AED9}.Debug|Any CPU.Build.0 = Debug|Any CPU
		{3BC066CB-05E9-6EC8-5420-A9E52AC2AED9}.Release|Any CPU.ActiveCfg = Release|Any CPU
		{3BC066CB-05E9-6EC8-5420-A9E52AC2AED9}.Release|Any CPU.Build.0 = Release|Any CPU
		{7791F04A-AB8E-EB08-B707-E22613759D7E}.Debug|Any CPU.ActiveCfg = Debug|Any CPU
		{7791F04A-AB8E-EB08-B707-E22613759D7E}.Debug|Any CPU.Build.0 = Debug|Any CPU
		{7791F04A-AB8E-EB08-B707-E22613759D7E}.Release|Any CPU.ActiveCfg = Release|Any CPU
		{7791F04A-AB8E-EB08-B707-E22613759D7E}.Release|Any CPU.Build.0 = Release|Any CPU
		{1C2C667E-E62E-BE2F-7D40-937620603F0B}.Debug|Any CPU.ActiveCfg = Debug|Any CPU
		{1C2C667E-E62E-BE2F-7D40-937620603F0B}.Debug|Any CPU.Build.0 = Debug|Any CPU
		{1C2C667E-E62E-BE2F-7D40-937620603F0B}.Release|Any CPU.ActiveCfg = Release|Any CPU
		{1C2C667E-E62E-BE2F-7D40-937620603F0B}.Release|Any CPU.Build.0 = Release|Any CPU
		{C2BB345C-1E95-7F64-6CB6-141BC8BCBFF9}.Debug|Any CPU.ActiveCfg = Debug|Any CPU
		{C2BB345C-1E95-7F64-6CB6-141BC8BCBFF9}.Debug|Any CPU.Build.0 = Debug|Any CPU
		{C2BB345C-1E95-7F64-6CB6-141BC8BCBFF9}.Release|Any CPU.ActiveCfg = Release|Any CPU
		{C2BB345C-1E95-7F64-6CB6-141BC8BCBFF9}.Release|Any CPU.Build.0 = Release|Any CPU
		{EC7BA1DD-9CCE-213C-7011-BA9E329A8CB5}.Debug|Any CPU.ActiveCfg = Debug|Any CPU
		{EC7BA1DD-9CCE-213C-7011-BA9E329A8CB5}.Debug|Any CPU.Build.0 = Debug|Any CPU
		{EC7BA1DD-9CCE-213C-7011-BA9E329A8CB5}.Release|Any CPU.ActiveCfg = Release|Any CPU
		{EC7BA1DD-9CCE-213C-7011-BA9E329A8CB5}.Release|Any CPU.Build.0 = Release|Any CPU
		{986534FA-4441-024B-E324-4085B99E893A}.Debug|Any CPU.ActiveCfg = Debug|Any CPU
		{986534FA-4441-024B-E324-4085B99E893A}.Debug|Any CPU.Build.0 = Debug|Any CPU
		{986534FA-4441-024B-E324-4085B99E893A}.Release|Any CPU.ActiveCfg = Release|Any CPU
		{986534FA-4441-024B-E324-4085B99E893A}.Release|Any CPU.Build.0 = Release|Any CPU
		{5B2E3AD3-34FB-418F-79A3-3FA275EA7631}.Debug|Any CPU.ActiveCfg = Debug|Any CPU
		{5B2E3AD3-34FB-418F-79A3-3FA275EA7631}.Debug|Any CPU.Build.0 = Debug|Any CPU
		{5B2E3AD3-34FB-418F-79A3-3FA275EA7631}.Release|Any CPU.ActiveCfg = Release|Any CPU
		{5B2E3AD3-34FB-418F-79A3-3FA275EA7631}.Release|Any CPU.Build.0 = Release|Any CPU
		{343CBBDD-BEC9-FD61-E492-0A914B1913AF}.Debug|Any CPU.ActiveCfg = Debug|Any CPU
		{343CBBDD-BEC9-FD61-E492-0A914B1913AF}.Debug|Any CPU.Build.0 = Debug|Any CPU
		{343CBBDD-BEC9-FD61-E492-0A914B1913AF}.Release|Any CPU.ActiveCfg = Release|Any CPU
		{343CBBDD-BEC9-FD61-E492-0A914B1913AF}.Release|Any CPU.Build.0 = Release|Any CPU
		{1A71C93E-373E-04E9-D23A-7A51C0CF54FE}.Debug|Any CPU.ActiveCfg = Debug|Any CPU
		{1A71C93E-373E-04E9-D23A-7A51C0CF54FE}.Debug|Any CPU.Build.0 = Debug|Any CPU
		{1A71C93E-373E-04E9-D23A-7A51C0CF54FE}.Release|Any CPU.ActiveCfg = Release|Any CPU
		{1A71C93E-373E-04E9-D23A-7A51C0CF54FE}.Release|Any CPU.Build.0 = Release|Any CPU
		{10890093-F68C-76BF-25C1-96DE45A6878A}.Debug|Any CPU.ActiveCfg = Debug|Any CPU
		{10890093-F68C-76BF-25C1-96DE45A6878A}.Debug|Any CPU.Build.0 = Debug|Any CPU
		{10890093-F68C-76BF-25C1-96DE45A6878A}.Release|Any CPU.ActiveCfg = Release|Any CPU
		{10890093-F68C-76BF-25C1-96DE45A6878A}.Release|Any CPU.Build.0 = Release|Any CPU
		{73C46CD6-9199-5F16-A1DA-99041C6DD567}.Debug|Any CPU.ActiveCfg = Debug|Any CPU
		{73C46CD6-9199-5F16-A1DA-99041C6DD567}.Debug|Any CPU.Build.0 = Debug|Any CPU
		{73C46CD6-9199-5F16-A1DA-99041C6DD567}.Release|Any CPU.ActiveCfg = Release|Any CPU
		{73C46CD6-9199-5F16-A1DA-99041C6DD567}.Release|Any CPU.Build.0 = Release|Any CPU
		{60B46B0E-BCA2-EE00-4D59-B2856FB6E388}.Debug|Any CPU.ActiveCfg = Debug|Any CPU
		{60B46B0E-BCA2-EE00-4D59-B2856FB6E388}.Debug|Any CPU.Build.0 = Debug|Any CPU
		{60B46B0E-BCA2-EE00-4D59-B2856FB6E388}.Release|Any CPU.ActiveCfg = Release|Any CPU
		{60B46B0E-BCA2-EE00-4D59-B2856FB6E388}.Release|Any CPU.Build.0 = Release|Any CPU
		{C16AB966-59A3-79A6-23BD-0B4D8EBD0325}.Debug|Any CPU.ActiveCfg = Debug|Any CPU
		{C16AB966-59A3-79A6-23BD-0B4D8EBD0325}.Debug|Any CPU.Build.0 = Debug|Any CPU
		{C16AB966-59A3-79A6-23BD-0B4D8EBD0325}.Release|Any CPU.ActiveCfg = Release|Any CPU
		{C16AB966-59A3-79A6-23BD-0B4D8EBD0325}.Release|Any CPU.Build.0 = Release|Any CPU
		{FDC5ECFC-28A2-BDDB-18EA-0E00F2AB7DAE}.Debug|Any CPU.ActiveCfg = Debug|Any CPU
		{FDC5ECFC-28A2-BDDB-18EA-0E00F2AB7DAE}.Debug|Any CPU.Build.0 = Debug|Any CPU
		{FDC5ECFC-28A2-BDDB-18EA-0E00F2AB7DAE}.Release|Any CPU.ActiveCfg = Release|Any CPU
		{FDC5ECFC-28A2-BDDB-18EA-0E00F2AB7DAE}.Release|Any CPU.Build.0 = Release|Any CPU
		{2027DD9B-67FE-E5FB-E06A-82E20CD1FEEE}.Debug|Any CPU.ActiveCfg = Debug|Any CPU
		{2027DD9B-67FE-E5FB-E06A-82E20CD1FEEE}.Debug|Any CPU.Build.0 = Debug|Any CPU
		{2027DD9B-67FE-E5FB-E06A-82E20CD1FEEE}.Release|Any CPU.ActiveCfg = Release|Any CPU
		{2027DD9B-67FE-E5FB-E06A-82E20CD1FEEE}.Release|Any CPU.Build.0 = Release|Any CPU
		{63EDAA31-E3C1-50B9-AACA-BCFE84A6D640}.Debug|Any CPU.ActiveCfg = Debug|Any CPU
		{63EDAA31-E3C1-50B9-AACA-BCFE84A6D640}.Debug|Any CPU.Build.0 = Debug|Any CPU
		{63EDAA31-E3C1-50B9-AACA-BCFE84A6D640}.Release|Any CPU.ActiveCfg = Release|Any CPU
		{63EDAA31-E3C1-50B9-AACA-BCFE84A6D640}.Release|Any CPU.Build.0 = Release|Any CPU
		{65CD5334-D32E-8938-C426-5965B2C75E8A}.Debug|Any CPU.ActiveCfg = Debug|Any CPU
		{65CD5334-D32E-8938-C426-5965B2C75E8A}.Debug|Any CPU.Build.0 = Debug|Any CPU
		{65CD5334-D32E-8938-C426-5965B2C75E8A}.Release|Any CPU.ActiveCfg = Release|Any CPU
		{65CD5334-D32E-8938-C426-5965B2C75E8A}.Release|Any CPU.Build.0 = Release|Any CPU
		{E058EE9F-28F3-3ECA-6CB6-A716DC8DA01F}.Debug|Any CPU.ActiveCfg = Debug|Any CPU
		{E058EE9F-28F3-3ECA-6CB6-A716DC8DA01F}.Debug|Any CPU.Build.0 = Debug|Any CPU
		{E058EE9F-28F3-3ECA-6CB6-A716DC8DA01F}.Release|Any CPU.ActiveCfg = Release|Any CPU
		{E058EE9F-28F3-3ECA-6CB6-A716DC8DA01F}.Release|Any CPU.Build.0 = Release|Any CPU
		{3832F437-A0CF-19C1-E8FC-435F57D5F9CA}.Debug|Any CPU.ActiveCfg = Debug|Any CPU
		{3832F437-A0CF-19C1-E8FC-435F57D5F9CA}.Debug|Any CPU.Build.0 = Debug|Any CPU
		{3832F437-A0CF-19C1-E8FC-435F57D5F9CA}.Release|Any CPU.ActiveCfg = Release|Any CPU
		{3832F437-A0CF-19C1-E8FC-435F57D5F9CA}.Release|Any CPU.Build.0 = Release|Any CPU
		{57ED7859-05EC-4D6C-601E-5CF99D9C5C3F}.Debug|Any CPU.ActiveCfg = Debug|Any CPU
		{57ED7859-05EC-4D6C-601E-5CF99D9C5C3F}.Debug|Any CPU.Build.0 = Debug|Any CPU
		{57ED7859-05EC-4D6C-601E-5CF99D9C5C3F}.Release|Any CPU.ActiveCfg = Release|Any CPU
		{57ED7859-05EC-4D6C-601E-5CF99D9C5C3F}.Release|Any CPU.Build.0 = Release|Any CPU
		{AFCC36A7-B432-64BD-7255-D957E9DEA235}.Debug|Any CPU.ActiveCfg = Debug|Any CPU
		{AFCC36A7-B432-64BD-7255-D957E9DEA235}.Debug|Any CPU.Build.0 = Debug|Any CPU
		{AFCC36A7-B432-64BD-7255-D957E9DEA235}.Release|Any CPU.ActiveCfg = Release|Any CPU
		{AFCC36A7-B432-64BD-7255-D957E9DEA235}.Release|Any CPU.Build.0 = Release|Any CPU
		{38BCC8DD-816C-8221-CFDB-88B17E2837AF}.Debug|Any CPU.ActiveCfg = Debug|Any CPU
		{38BCC8DD-816C-8221-CFDB-88B17E2837AF}.Debug|Any CPU.Build.0 = Debug|Any CPU
		{38BCC8DD-816C-8221-CFDB-88B17E2837AF}.Release|Any CPU.ActiveCfg = Release|Any CPU
		{38BCC8DD-816C-8221-CFDB-88B17E2837AF}.Release|Any CPU.Build.0 = Release|Any CPU
		{C59ED0FD-057B-1CA3-6DCA-84819D2DFB0E}.Debug|Any CPU.ActiveCfg = Debug|Any CPU
		{C59ED0FD-057B-1CA3-6DCA-84819D2DFB0E}.Debug|Any CPU.Build.0 = Debug|Any CPU
		{C59ED0FD-057B-1CA3-6DCA-84819D2DFB0E}.Release|Any CPU.ActiveCfg = Release|Any CPU
		{C59ED0FD-057B-1CA3-6DCA-84819D2DFB0E}.Release|Any CPU.Build.0 = Release|Any CPU
		{E4027C12-F9EC-81EC-24A9-3E556C7E3A77}.Debug|Any CPU.ActiveCfg = Debug|Any CPU
		{E4027C12-F9EC-81EC-24A9-3E556C7E3A77}.Debug|Any CPU.Build.0 = Debug|Any CPU
		{E4027C12-F9EC-81EC-24A9-3E556C7E3A77}.Release|Any CPU.ActiveCfg = Release|Any CPU
		{E4027C12-F9EC-81EC-24A9-3E556C7E3A77}.Release|Any CPU.Build.0 = Release|Any CPU
		{FDDCAD5D-3129-F71F-818E-E08D4CB0DA8E}.Debug|Any CPU.ActiveCfg = Debug|Any CPU
		{FDDCAD5D-3129-F71F-818E-E08D4CB0DA8E}.Debug|Any CPU.Build.0 = Debug|Any CPU
		{FDDCAD5D-3129-F71F-818E-E08D4CB0DA8E}.Release|Any CPU.ActiveCfg = Release|Any CPU
		{FDDCAD5D-3129-F71F-818E-E08D4CB0DA8E}.Release|Any CPU.Build.0 = Release|Any CPU
		{C7075DDE-7AC9-9EA1-5744-6BE04F78BC19}.Debug|Any CPU.ActiveCfg = Debug|Any CPU
		{C7075DDE-7AC9-9EA1-5744-6BE04F78BC19}.Debug|Any CPU.Build.0 = Debug|Any CPU
		{C7075DDE-7AC9-9EA1-5744-6BE04F78BC19}.Release|Any CPU.ActiveCfg = Release|Any CPU
		{C7075DDE-7AC9-9EA1-5744-6BE04F78BC19}.Release|Any CPU.Build.0 = Release|Any CPU
		{5487D4B1-CA7D-89EA-EF7D-58D7D4387351}.Debug|Any CPU.ActiveCfg = Debug|Any CPU
		{5487D4B1-CA7D-89EA-EF7D-58D7D4387351}.Debug|Any CPU.Build.0 = Debug|Any CPU
		{5487D4B1-CA7D-89EA-EF7D-58D7D4387351}.Release|Any CPU.ActiveCfg = Release|Any CPU
		{5487D4B1-CA7D-89EA-EF7D-58D7D4387351}.Release|Any CPU.Build.0 = Release|Any CPU
		{6CFDF5F9-BDB3-0969-CF32-01B00C2993F0}.Debug|Any CPU.ActiveCfg = Debug|Any CPU
		{6CFDF5F9-BDB3-0969-CF32-01B00C2993F0}.Debug|Any CPU.Build.0 = Debug|Any CPU
		{6CFDF5F9-BDB3-0969-CF32-01B00C2993F0}.Release|Any CPU.ActiveCfg = Release|Any CPU
		{6CFDF5F9-BDB3-0969-CF32-01B00C2993F0}.Release|Any CPU.Build.0 = Release|Any CPU
		{D5B615F2-F538-09BB-9BC3-9C2835AD03DF}.Debug|Any CPU.ActiveCfg = Debug|Any CPU
		{D5B615F2-F538-09BB-9BC3-9C2835AD03DF}.Debug|Any CPU.Build.0 = Debug|Any CPU
		{D5B615F2-F538-09BB-9BC3-9C2835AD03DF}.Release|Any CPU.ActiveCfg = Release|Any CPU
		{D5B615F2-F538-09BB-9BC3-9C2835AD03DF}.Release|Any CPU.Build.0 = Release|Any CPU
		{C3C07BD6-1444-D417-DAD9-1D707C3F41CB}.Debug|Any CPU.ActiveCfg = Debug|Any CPU
		{C3C07BD6-1444-D417-DAD9-1D707C3F41CB}.Debug|Any CPU.Build.0 = Debug|Any CPU
		{C3C07BD6-1444-D417-DAD9-1D707C3F41CB}.Release|Any CPU.ActiveCfg = Release|Any CPU
		{C3C07BD6-1444-D417-DAD9-1D707C3F41CB}.Release|Any CPU.Build.0 = Release|Any CPU
		{D1738CDA-1B20-25C1-9DDB-C9205F35D2EC}.Debug|Any CPU.ActiveCfg = Debug|Any CPU
		{D1738CDA-1B20-25C1-9DDB-C9205F35D2EC}.Debug|Any CPU.Build.0 = Debug|Any CPU
		{D1738CDA-1B20-25C1-9DDB-C9205F35D2EC}.Release|Any CPU.ActiveCfg = Release|Any CPU
		{D1738CDA-1B20-25C1-9DDB-C9205F35D2EC}.Release|Any CPU.Build.0 = Release|Any CPU
		{6D14BBAE-0DCC-C99F-6BA4-FCA8A6094C5A}.Debug|Any CPU.ActiveCfg = Debug|Any CPU
		{6D14BBAE-0DCC-C99F-6BA4-FCA8A6094C5A}.Debug|Any CPU.Build.0 = Debug|Any CPU
		{6D14BBAE-0DCC-C99F-6BA4-FCA8A6094C5A}.Release|Any CPU.ActiveCfg = Release|Any CPU
		{6D14BBAE-0DCC-C99F-6BA4-FCA8A6094C5A}.Release|Any CPU.Build.0 = Release|Any CPU
		{1C09238E-0E01-0B06-C249-B169CC201E71}.Debug|Any CPU.ActiveCfg = Debug|Any CPU
		{1C09238E-0E01-0B06-C249-B169CC201E71}.Debug|Any CPU.Build.0 = Debug|Any CPU
		{1C09238E-0E01-0B06-C249-B169CC201E71}.Release|Any CPU.ActiveCfg = Release|Any CPU
		{1C09238E-0E01-0B06-C249-B169CC201E71}.Release|Any CPU.Build.0 = Release|Any CPU
		{5656D7B7-8F63-6C0E-6C9A-2E7AF25154E4}.Debug|Any CPU.ActiveCfg = Debug|Any CPU
		{5656D7B7-8F63-6C0E-6C9A-2E7AF25154E4}.Debug|Any CPU.Build.0 = Debug|Any CPU
		{5656D7B7-8F63-6C0E-6C9A-2E7AF25154E4}.Release|Any CPU.ActiveCfg = Release|Any CPU
		{5656D7B7-8F63-6C0E-6C9A-2E7AF25154E4}.Release|Any CPU.Build.0 = Release|Any CPU
		{B212A79A-5AC0-D9AC-7F7B-3005AA234C8E}.Debug|Any CPU.ActiveCfg = Debug|Any CPU
		{B212A79A-5AC0-D9AC-7F7B-3005AA234C8E}.Debug|Any CPU.Build.0 = Debug|Any CPU
		{B212A79A-5AC0-D9AC-7F7B-3005AA234C8E}.Release|Any CPU.ActiveCfg = Release|Any CPU
		{B212A79A-5AC0-D9AC-7F7B-3005AA234C8E}.Release|Any CPU.Build.0 = Release|Any CPU
		{28DB263F-C6E0-2614-6C90-9C75BB72348C}.Debug|Any CPU.ActiveCfg = Debug|Any CPU
		{28DB263F-C6E0-2614-6C90-9C75BB72348C}.Debug|Any CPU.Build.0 = Debug|Any CPU
		{28DB263F-C6E0-2614-6C90-9C75BB72348C}.Release|Any CPU.ActiveCfg = Release|Any CPU
		{28DB263F-C6E0-2614-6C90-9C75BB72348C}.Release|Any CPU.Build.0 = Release|Any CPU
		{672EEA37-F118-D05E-823A-072EB34739A1}.Debug|Any CPU.ActiveCfg = Debug|Any CPU
		{672EEA37-F118-D05E-823A-072EB34739A1}.Debug|Any CPU.Build.0 = Debug|Any CPU
		{672EEA37-F118-D05E-823A-072EB34739A1}.Release|Any CPU.ActiveCfg = Release|Any CPU
		{672EEA37-F118-D05E-823A-072EB34739A1}.Release|Any CPU.Build.0 = Release|Any CPU
		{3857AE2A-C60C-15B3-46AA-C1E048446C2D}.Debug|Any CPU.ActiveCfg = Debug|Any CPU
		{3857AE2A-C60C-15B3-46AA-C1E048446C2D}.Debug|Any CPU.Build.0 = Debug|Any CPU
		{3857AE2A-C60C-15B3-46AA-C1E048446C2D}.Release|Any CPU.ActiveCfg = Release|Any CPU
		{3857AE2A-C60C-15B3-46AA-C1E048446C2D}.Release|Any CPU.Build.0 = Release|Any CPU
		{F32C5922-6A3E-AB20-6659-0A34CA1D48A6}.Debug|Any CPU.ActiveCfg = Debug|Any CPU
		{F32C5922-6A3E-AB20-6659-0A34CA1D48A6}.Debug|Any CPU.Build.0 = Debug|Any CPU
		{F32C5922-6A3E-AB20-6659-0A34CA1D48A6}.Release|Any CPU.ActiveCfg = Release|Any CPU
		{F32C5922-6A3E-AB20-6659-0A34CA1D48A6}.Release|Any CPU.Build.0 = Release|Any CPU
		{E5A04CAA-3154-0F4B-B5C5-720A1E8E22FB}.Debug|Any CPU.ActiveCfg = Debug|Any CPU
		{E5A04CAA-3154-0F4B-B5C5-720A1E8E22FB}.Debug|Any CPU.Build.0 = Debug|Any CPU
		{E5A04CAA-3154-0F4B-B5C5-720A1E8E22FB}.Release|Any CPU.ActiveCfg = Release|Any CPU
		{E5A04CAA-3154-0F4B-B5C5-720A1E8E22FB}.Release|Any CPU.Build.0 = Release|Any CPU
		{53347225-1611-F897-03F0-166CD8624C09}.Debug|Any CPU.ActiveCfg = Debug|Any CPU
		{53347225-1611-F897-03F0-166CD8624C09}.Debug|Any CPU.Build.0 = Debug|Any CPU
		{53347225-1611-F897-03F0-166CD8624C09}.Release|Any CPU.ActiveCfg = Release|Any CPU
		{53347225-1611-F897-03F0-166CD8624C09}.Release|Any CPU.Build.0 = Release|Any CPU
		{DB293D94-F661-0E7B-6147-786422CD7C76}.Debug|Any CPU.ActiveCfg = Debug|Any CPU
		{DB293D94-F661-0E7B-6147-786422CD7C76}.Debug|Any CPU.Build.0 = Debug|Any CPU
		{DB293D94-F661-0E7B-6147-786422CD7C76}.Release|Any CPU.ActiveCfg = Release|Any CPU
		{DB293D94-F661-0E7B-6147-786422CD7C76}.Release|Any CPU.Build.0 = Release|Any CPU
		{7103B8D9-9436-1761-76CF-71453600D13E}.Debug|Any CPU.ActiveCfg = Debug|Any CPU
		{7103B8D9-9436-1761-76CF-71453600D13E}.Debug|Any CPU.Build.0 = Debug|Any CPU
		{7103B8D9-9436-1761-76CF-71453600D13E}.Release|Any CPU.ActiveCfg = Release|Any CPU
		{7103B8D9-9436-1761-76CF-71453600D13E}.Release|Any CPU.Build.0 = Release|Any CPU
		{2174F8CA-BB40-2F8B-8210-65770A3011CA}.Debug|Any CPU.ActiveCfg = Debug|Any CPU
		{2174F8CA-BB40-2F8B-8210-65770A3011CA}.Debug|Any CPU.Build.0 = Debug|Any CPU
		{2174F8CA-BB40-2F8B-8210-65770A3011CA}.Release|Any CPU.ActiveCfg = Release|Any CPU
		{2174F8CA-BB40-2F8B-8210-65770A3011CA}.Release|Any CPU.Build.0 = Release|Any CPU
		{EFD9C49E-76FD-0409-D403-8E4FFD6D9F23}.Debug|Any CPU.ActiveCfg = Debug|Any CPU
		{EFD9C49E-76FD-0409-D403-8E4FFD6D9F23}.Debug|Any CPU.Build.0 = Debug|Any CPU
		{EFD9C49E-76FD-0409-D403-8E4FFD6D9F23}.Release|Any CPU.ActiveCfg = Release|Any CPU
		{EFD9C49E-76FD-0409-D403-8E4FFD6D9F23}.Release|Any CPU.Build.0 = Release|Any CPU
		{792DF184-104A-4E8E-2605-2871EBB3B15D}.Debug|Any CPU.ActiveCfg = Debug|Any CPU
		{792DF184-104A-4E8E-2605-2871EBB3B15D}.Debug|Any CPU.Build.0 = Debug|Any CPU
		{792DF184-104A-4E8E-2605-2871EBB3B15D}.Release|Any CPU.ActiveCfg = Release|Any CPU
		{792DF184-104A-4E8E-2605-2871EBB3B15D}.Release|Any CPU.Build.0 = Release|Any CPU
		{6FA68663-F3C9-0554-AEEB-419D25AC6BB6}.Debug|Any CPU.ActiveCfg = Debug|Any CPU
		{6FA68663-F3C9-0554-AEEB-419D25AC6BB6}.Debug|Any CPU.Build.0 = Debug|Any CPU
		{6FA68663-F3C9-0554-AEEB-419D25AC6BB6}.Release|Any CPU.ActiveCfg = Release|Any CPU
		{6FA68663-F3C9-0554-AEEB-419D25AC6BB6}.Release|Any CPU.Build.0 = Release|Any CPU
		{99B09ED7-0514-3EC6-9954-1A2695458E94}.Debug|Any CPU.ActiveCfg = Debug|Any CPU
		{99B09ED7-0514-3EC6-9954-1A2695458E94}.Debug|Any CPU.Build.0 = Debug|Any CPU
		{99B09ED7-0514-3EC6-9954-1A2695458E94}.Release|Any CPU.ActiveCfg = Release|Any CPU
		{99B09ED7-0514-3EC6-9954-1A2695458E94}.Release|Any CPU.Build.0 = Release|Any CPU
		{B8A1109E-E516-7D50-7625-47375AC96263}.Debug|Any CPU.ActiveCfg = Debug|Any CPU
		{B8A1109E-E516-7D50-7625-47375AC96263}.Debug|Any CPU.Build.0 = Debug|Any CPU
		{B8A1109E-E516-7D50-7625-47375AC96263}.Release|Any CPU.ActiveCfg = Release|Any CPU
		{B8A1109E-E516-7D50-7625-47375AC96263}.Release|Any CPU.Build.0 = Release|Any CPU
		{CF163BE8-200F-757B-D581-B75EB4E6DE74}.Debug|Any CPU.ActiveCfg = Debug|Any CPU
		{CF163BE8-200F-757B-D581-B75EB4E6DE74}.Debug|Any CPU.Build.0 = Debug|Any CPU
		{CF163BE8-200F-757B-D581-B75EB4E6DE74}.Release|Any CPU.ActiveCfg = Release|Any CPU
		{CF163BE8-200F-757B-D581-B75EB4E6DE74}.Release|Any CPU.Build.0 = Release|Any CPU
		{EC0361C9-41F4-076D-3EFF-1FF03FACB8A7}.Debug|Any CPU.ActiveCfg = Debug|Any CPU
		{EC0361C9-41F4-076D-3EFF-1FF03FACB8A7}.Debug|Any CPU.Build.0 = Debug|Any CPU
		{EC0361C9-41F4-076D-3EFF-1FF03FACB8A7}.Release|Any CPU.ActiveCfg = Release|Any CPU
		{EC0361C9-41F4-076D-3EFF-1FF03FACB8A7}.Release|Any CPU.Build.0 = Release|Any CPU
		{7A3F229E-E425-CDC3-7188-14F4380F8E49}.Debug|Any CPU.ActiveCfg = Debug|Any CPU
		{7A3F229E-E425-CDC3-7188-14F4380F8E49}.Debug|Any CPU.Build.0 = Debug|Any CPU
		{7A3F229E-E425-CDC3-7188-14F4380F8E49}.Release|Any CPU.ActiveCfg = Release|Any CPU
		{7A3F229E-E425-CDC3-7188-14F4380F8E49}.Release|Any CPU.Build.0 = Release|Any CPU
	EndGlobalSection
	GlobalSection(SolutionProperties) = preSolution
		HideSolutionNode = FALSE
	EndGlobalSection
EndGlobal
